{
  "name": "walkoff-dashboard-qa",
  "version": "2026.07.13.07",
  "lockfileVersion": 3,
  "requires": true,
  "packages": {
    "": {
      "name": "walkoff-dashboard-qa",
      "version": "2026.07.13.07",
      "dependencies": {
        "csv-parse": "^7.0.0",
        "stream-json": "^3.4.0"
      },
      "devDependencies": {
        "@playwright/test": "^1.52.0"
      }
    },
    "node_modules/@playwright/test": {
      "version": "1.59.1",
      "resolved": "https://registry.npmjs.org/@playwright/test/-/test-1.59.1.tgz",
      "integrity": "sha512-PG6q63nQg5c9rIi4/Z5lR5IVF7yU5MqmKaPOe0HSc0O2cX1fPi96sUQu5j7eo4gKCkB2AnNGoWt7y4/Xx3Kcqg==",
      "dev": true,
      "license": "Apache-2.0",
      "dependencies": {
        "playwright": "1.59.1"
      },
      "bin": {
        "playwright": "cli.js"
      },
      "engines": {
        "node": ">=18"
      }
    },
    "node_modules/csv-parse": {
      "version": "7.0.0",
      "resolved": "https://registry.npmjs.org/csv-parse/-/csv-parse-7.0.0.tgz",
      "integrity": "sha512-CSssqPAK5us09FhMI9juM0jnqXUJP+rtWeIfivTYBLNH/8rnxkQlZvoRemF6MAyfNov9XU8mN2wwF/pP68sxTA==",
      "license": "MIT"
    },
    "node_modules/fsevents": {
      "version": "2.3.2",
      "resolved": "https://registry.npmjs.org/fsevents/-/fsevents-2.3.2.tgz",
      "integrity": "sha512-xiqMQR4xAeHTuB9uWm+fFRcIOgKBMiOBP+eXiyT7jsgVCq1bkVygt00oASowB7EdtpOHaaPgKt812P9ab+DDKA==",
      "dev": true,
      "hasInstallScript": true,
      "license": "MIT",
      "optional": true,
      "os": [
        "darwin"
      ],
      "engines": {
        "node": "^8.16.0 || ^10.6.0 || >=11.0.0"
      }
    },
    "node_modules/playwright": {
      "version": "1.59.1",
      "resolved": "https://registry.npmjs.org/playwright/-/playwright-1.59.1.tgz",
      "integrity": "sha512-C8oWjPR3F81yljW9o5OxcWzfh6avkVwDD2VYdwIGqTkl+OGFISgypqzfu7dOe4QNLL2aqcWBmI3PMtLIK233lw==",
      "dev": true,
      "license": "Apache-2.0",
      "dependencies": {
        "playwright-core": "1.59.1"
      },
      "bin": {
        "playwright": "cli.js"
      },
      "engines": {
        "node": ">=18"
      },
      "optionalDependencies": {
        "fsevents": "2.3.2"
      }
    },
    "node_modules/playwright-core": {
      "version": "1.59.1",
      "resolved": "https://registry.npmjs.org/playwright-core/-/playwright-core-1.59.1.tgz",
      "integrity": "sha512-HBV/RJg81z5BiiZ9yPzIiClYV/QMsDCKUyogwH9p3MCP6IYjUFu/MActgYAvK0oWyV9NlwM3GLBjADyWgydVyg==",
      "dev": true,
      "license": "Apache-2.0",
      "bin": {
        "playwright-core": "cli.js"
      },
      "engines": {
        "node": ">=18"
      }
    },
    "node_modules/stream-chain": {
      "version": "4.2.5",
      "resolved": "https://registry.npmjs.org/stream-chain/-/stream-chain-4.2.5.tgz",
      "integrity": "sha512-Wtyq3bNE3ggLR0v2vftqvuhltym3WbZAkZpfIrkr5F/6vpeUmWmwTgXa16zD87gpahwJ/Qulq3zVfUlgIc0J2A==",
      "license": "BSD-3-Clause",
      "engines": {
        "node": ">=22"
      },
      "funding": {
        "url": "https://github.com/sponsors/uhop"
      }
    },
    "node_modules/stream-json": {
      "version": "3.4.0",
      "resolved": "https://registry.npmjs.org/stream-json/-/stream-json-3.4.0.tgz",
      "integrity": "sha512-7NEiOhtS0W7ZrwnqJc/fugsGQMdpNJng+v1s2xLTrmfBN2vcYDyBglCK2+eITif0VkHLXnTdALgQI9TnZMBhYA==",
      "license": "BSD-3-Clause",
      "dependencies": {
        "stream-chain": "^4.2.5"
      },
      "engines": {
        "node": ">=22"
      },
      "funding": {
        "url": "https://github.com/sponsors/uhop"
      }
    }
  }
}
